
Microsoft Visual Studio Solution File, Format Version 12.00
# Visual Studio Version 16
VisualStudioVersion = 16.0.31702.278
MinimumVisualStudioVersion = 10.0.40219.1
Project("{FAE04EC0-301F-11D3-BF4B-00C04F79EFBC}") = "inheritance", "ConsoleApp1\inheritance.csproj", "{62CDBED7-560E-4430-9DE5-D421E2385C4A}"
EndProject
Global
	GlobalSection(SolutionConfigurationPlatforms) = preSolution
		Debug|Any CPU = Debug|Any CPU
		Release|Any CPU = Release|Any CPU
	EndGlobalSection
	GlobalSection(ProjectConfigurationPlatforms) = postSolution
		{62CDBED7-560E-4430-9DE5-D421E2385C4A}.Debug|Any CPU.ActiveCfg = Debug|Any CPU
		{62CDBED7-560E-4430-9DE5-D421E2385C4A}.Debug|Any CPU.Build.0 = Debug|Any CPU
		{62CDBED7-560E-4430-9DE5-D421E2385C4A}.Release|Any CPU.ActiveCfg = Release|Any CPU
		{62CDBED7-560E-4430-9DE5-D421E2385C4A}.Release|Any CPU.Build.0 = Release|Any CPU
	EndGlobalSection
	GlobalSection(SolutionProperties) = preSolution
		HideSolutionNode = FALSE
	EndGlobalSection
	GlobalSection(ExtensibilityGlobals) = postSolution
		SolutionGuid = {3B11F216-372E-41A1-9661-2989C517017B}
	EndGlobalSection
EndGlobal
